
Microsoft Visual Studio Solution File, Format Version 12.00
# Visual Studio Version 17
VisualStudioVersion = 17.2.32602.215
MinimumVisualStudioVersion = 10.0.40219.1
Project("{8BC9CEB8-8B4A-11D0-8D11-00A0C91BC942}") = "CyberFSR", "CyberFSR\CyberFSR.vcxproj", "{8D2B73FB-EECD-45CE-B8E5-335610462F58}"
EndProject
Global
	GlobalSection(SolutionConfigurationPlatforms) = preSolution
		Debug|x64 = Debug|x64
		Debug|x86 = Debug|x86
		DebugCyberpunk2077|x64 = DebugCyberpunk2077|x64
		DebugCyberpunk2077|x86 = DebugCyberpunk2077|x86
		DebugHorizonZeroDawn|x64 = DebugHorizonZeroDawn|x64
		DebugHorizonZeroDawn|x86 = DebugHorizonZeroDawn|x86
		DebugTheAscent|x64 = DebugTheAscent|x64
		DebugTheAscent|x86 = DebugTheAscent|x86
		DebugTombRaiderShadowOf|x64 = DebugTombRaiderShadowOf|x64
		DebugTombRaiderShadowOf|x86 = DebugTombRaiderShadowOf|x86
		Release|x64 = Release|x64
		Release|x86 = Release|x86
	EndGlobalSection
	GlobalSection(ProjectConfigurationPlatforms) = postSolution
		{8D2B73FB-EECD-45CE-B8E5-335610462F58}.Debug|x64.ActiveCfg = Debug|x64
		{8D2B73FB-EECD-45CE-B8E5-335610462F58}.Debug|x64.Build.0 = Debug|x64
		{8D2B73FB-EECD-45CE-B8E5-335610462F58}.Debug|x86.ActiveCfg = Debug|Win32
		{8D2B73FB-EECD-45CE-B8E5-335610462F58}.Debug|x86.Build.0 = Debug|Win32
		{8D2B73FB-EECD-45CE-B8E5-335610462F58}.DebugCyberpunk2077|x64.ActiveCfg = DebugCyberpunk2077|x64
		{8D2B73FB-EECD-45CE-B8E5-335610462F58}.DebugCyberpunk2077|x64.Build.0 = DebugCyberpunk2077|x64
		{8D2B73FB-EECD-45CE-B8E5-335610462F58}.DebugCyberpunk2077|x86.ActiveCfg = DebugCyberpunk2077|Win32
		{8D2B73FB-EECD-45CE-B8E5-335610462F58}.DebugCyberpunk2077|x86.Build.0 = DebugCyberpunk2077|Win32
		{8D2B73FB-EECD-45CE-B8E5-335610462F58}.DebugHorizonZeroDawn|x64.ActiveCfg = DebugHorizonZeroDawn|x64
		{8D2B73FB-EECD-45CE-B8E5-335610462F58}.DebugHorizonZeroDawn|x64.Build.0 = DebugHorizonZeroDawn|x64
		{8D2B73FB-EECD-45CE-B8E5-335610462F58}.DebugHorizonZeroDawn|x86.ActiveCfg = DebugHorizonZeroDawn|Win32
		{8D2B73FB-EECD-45CE-B8E5-335610462F58}.DebugHorizonZeroDawn|x86.Build.0 = DebugHorizonZeroDawn|Win32
		{8D2B73FB-EECD-45CE-B8E5-335610462F58}.DebugTheAscent|x64.ActiveCfg = DebugTheAscent|x64
		{8D2B73FB-EECD-45CE-B8E5-335610462F58}.DebugTheAscent|x64.Build.0 = DebugTheAscent|x64
		{8D2B73FB-EECD-45CE-B8E5-335610462F58}.DebugTheAscent|x86.ActiveCfg = DebugTheAscent|Win32
		{8D2B73FB-EECD-45CE-B8E5-335610462F58}.DebugTheAscent|x86.Build.0 = DebugTheAscent|Win32
		{8D2B73FB-EECD-45CE-B8E5-335610462F58}.DebugTombRaiderShadowOf|x64.ActiveCfg = DebugTombRaiderShadowOf|x64
		{8D2B73FB-EECD-45CE-B8E5-335610462F58}.DebugTombRaiderShadowOf|x64.Build.0 = DebugTombRaiderShadowOf|x64
		{8D2B73FB-EECD-45CE-B8E5-335610462F58}.DebugTombRaiderShadowOf|x86.ActiveCfg = DebugTombRaiderShadowOf|Win32
		{8D2B73FB-EECD-45CE-B8E5-335610462F58}.DebugTombRaiderShadowOf|x86.Build.0 = DebugTombRaiderShadowOf|Win32
		{8D2B73FB-EECD-45CE-B8E5-335610462F58}.Release|x64.ActiveCfg = Release|x64
		{8D2B73FB-EECD-45CE-B8E5-335610462F58}.Release|x64.Build.0 = Release|x64
		{8D2B73FB-EECD-45CE-B8E5-335610462F58}.Release|x86.ActiveCfg = Release|Win32
		{8D2B73FB-EECD-45CE-B8E5-335610462F58}.Release|x86.Build.0 = Release|Win32
	EndGlobalSection
	GlobalSection(SolutionProperties) = preSolution
		HideSolutionNode = FALSE
	EndGlobalSection
	GlobalSection(ExtensibilityGlobals) = postSolution
		SolutionGuid = {56931951-7F8D-4575-BED5-EE54F24DE751}
	EndGlobalSection
EndGlobal
